{
  "requires": true,
  "lockfileVersion": 1,
  "dependencies": {
    "find-insert-index": {
      "version": "0.0.1",
      "resolved": "https://registry.npmjs.org/find-insert-index/-/find-insert-index-0.0.1.tgz",
      "integrity": "sha1-Fs00ZkwqwjOQWrKzl0W87HITYt4="
    },
    "inherits": {
      "version": "2.0.3",
      "resolved": "https://registry.npmjs.org/inherits/-/inherits-2.0.3.tgz",
      "integrity": "sha1-Yzwsg+PaQqUC9SRmAiSA9CCCYd4="
    },
    "linked-list": {
      "version": "1.0.4",
      "resolved": "https://registry.npmjs.org/linked-list/-/linked-list-1.0.4.tgz",
      "integrity": "sha512-li6CTL6EUxCDWGyq/dQjJeyKSQ7fAXly5qf9RQodBTQEsFRlfLVGEMyph4NhNEi5zWkYhTbqrx1C0RiCPf7c7Q=="
    },
    "mergesort": {
      "version": "0.0.1",
      "resolved": "https://registry.npmjs.org/mergesort/-/mergesort-0.0.1.tgz",
      "integrity": "sha1-Nk7MMbKX3H9E5RHTZRdvHDnQj8I="
    },
    "tree-model": {
      "version": "1.0.7",
      "resolved": "https://registry.npmjs.org/tree-model/-/tree-model-1.0.7.tgz",
      "integrity": "sha512-oP4LUbCVtD2gcjcRaeI4L5hY60tHzB+AK/bthIJ2Pq1EUUOio5/xFzPWnGoBZlhtqpqbOkhFDzKIwKLOn0kccQ==",
      "requires": {
        "find-insert-index": "0.0.1",
        "mergesort": "0.0.1"
      }
    },
    "trie-prefix-tree": {
      "version": "1.5.0",
      "resolved": "https://registry.npmjs.org/trie-prefix-tree/-/trie-prefix-tree-1.5.0.tgz",
      "integrity": "sha1-paNAgWX19eLLGr5fIyhH1OJ3Ggc="
    }
  }
}
